Microsoft Visual Studio Solution File, Format Version 12.00
# Visual Studio Version 17
VisualStudioVersion = 17.0.31903.59
MinimumVisualStudioVersion = 10.0.40219.1
Project("{FAE04EC0-301F-11D3-BF4B-00C04F79EFBC}") = "VcCardGrouper", "src\VcCardGrouper\VcCardGrouper.csproj", "{A32C21B5-81E6-4DE0-9C1F-D7AFEF1C3C88}"
EndProject
Project("{FAE04EC0-301F-11D3-BF4B-00C04F79EFBC}") = "VcCardGrouper.Core", "src\VcCardGrouper.Core\VcCardGrouper.Core.csproj", "{C4E7DB83-B176-45AE-B929-C3D70337DB27}"
EndProject
Project("{FAE04EC0-301F-11D3-BF4B-00C04F79EFBC}") = "VcCardGrouper.Tests", "tests\VcCardGrouper.Tests\VcCardGrouper.Tests.csproj", "{5B4804D6-30D1-4195-9B68-F1EBE41213AD}"
EndProject
Global
	GlobalSection(SolutionConfigurationPlatforms) = preSolution
		Debug|Any CPU = Debug|Any CPU
		Release|Any CPU = Release|Any CPU
	EndGlobalSection
	GlobalSection(ProjectConfigurationPlatforms) = postSolution
		{A32C21B5-81E6-4DE0-9C1F-D7AFEF1C3C88}.Debug|Any CPU.ActiveCfg = Debug|Any CPU
		{A32C21B5-81E6-4DE0-9C1F-D7AFEF1C3C88}.Debug|Any CPU.Build.0 = Debug|Any CPU
		{A32C21B5-81E6-4DE0-9C1F-D7AFEF1C3C88}.Release|Any CPU.ActiveCfg = Release|Any CPU
		{A32C21B5-81E6-4DE0-9C1F-D7AFEF1C3C88}.Release|Any CPU.Build.0 = Release|Any CPU
		{C4E7DB83-B176-45AE-B929-C3D70337DB27}.Debug|Any CPU.ActiveCfg = Debug|Any CPU
		{C4E7DB83-B176-45AE-B929-C3D70337DB27}.Debug|Any CPU.Build.0 = Debug|Any CPU
		{C4E7DB83-B176-45AE-B929-C3D70337DB27}.Release|Any CPU.ActiveCfg = Release|Any CPU
		{C4E7DB83-B176-45AE-B929-C3D70337DB27}.Release|Any CPU.Build.0 = Release|Any CPU
		{5B4804D6-30D1-4195-9B68-F1EBE41213AD}.Debug|Any CPU.ActiveCfg = Debug|Any CPU
		{5B4804D6-30D1-4195-9B68-F1EBE41213AD}.Debug|Any CPU.Build.0 = Debug|Any CPU
		{5B4804D6-30D1-4195-9B68-F1EBE41213AD}.Release|Any CPU.ActiveCfg = Release|Any CPU
		{5B4804D6-30D1-4195-9B68-F1EBE41213AD}.Release|Any CPU.Build.0 = Release|Any CPU
	EndGlobalSection
EndGlobal
